
Microsoft Visual Studio Solution File, Format Version 12.00
# Visual Studio Version 17
VisualStudioVersion = 17.0.31903.59
MinimumVisualStudioVersion = 10.0.40219.1
Project("{2150E333-8FDC-42A3-9474-1A3956D46DE8}") = "Solution Files", "Solution Files", "{D0ACFCC2-8A04-4B11-BD27-15573EAD0EEF}"
	ProjectSection(SolutionItems) = preProject
		.gitignore = .gitignore
	EndProjectSection
EndProject
Project("{FAE04EC0-301F-11D3-BF4B-00C04F79EFBC}") = "DirectoryService.Domain", "src\DirectoryService.Domain\DirectoryService.Domain.csproj", "{230AA298-8D25-49A1-9220-B38ED8F7CEEA}"
EndProject
Project("{FAE04EC0-301F-11D3-BF4B-00C04F79EFBC}") = "DirectoryService.Application", "src\DirectoryService.Application\DirectoryService.Application.csproj", "{9C1612DA-79C9-47B2-884F-CF06C13D585F}"
EndProject
Project("{FAE04EC0-301F-11D3-BF4B-00C04F79EFBC}") = "DirectoryService.Infrastructure", "src\DirectoryService.Infrastructure\DirectoryService.Infrastructure.csproj", "{2CF18D99-47D4-4427-9DCB-459C1B96C32F}"
EndProject
Project("{FAE04EC0-301F-11D3-BF4B-00C04F79EFBC}") = "DirectoryService.Contracts", "src\DirectoryService.Contracts\DirectoryService.Contracts.csproj", "{66E0AD96-DEFB-4990-B72D-B0C2752C1083}"
EndProject
Project("{FAE04EC0-301F-11D3-BF4B-00C04F79EFBC}") = "DirectoryService.Presentation", "src\DirectoryService.Presentation\DirectoryService.Presentation.csproj", "{843D22C9-7A1C-4E33-BC62-38B26522DDE0}"
EndProject
Global
	GlobalSection(SolutionConfigurationPlatforms) = preSolution
		Debug|Any CPU = Debug|Any CPU
		Release|Any CPU = Release|Any CPU
	EndGlobalSection
	GlobalSection(SolutionProperties) = preSolution
		HideSolutionNode = FALSE
	EndGlobalSection
	GlobalSection(ProjectConfigurationPlatforms) = postSolution
		{230AA298-8D25-49A1-9220-B38ED8F7CEEA}.Debug|Any CPU.ActiveCfg = Debug|Any CPU
		{230AA298-8D25-49A1-9220-B38ED8F7CEEA}.Debug|Any CPU.Build.0 = Debug|Any CPU
		{230AA298-8D25-49A1-9220-B38ED8F7CEEA}.Release|Any CPU.ActiveCfg = Release|Any CPU
		{230AA298-8D25-49A1-9220-B38ED8F7CEEA}.Release|Any CPU.Build.0 = Release|Any CPU
		{9C1612DA-79C9-47B2-884F-CF06C13D585F}.Debug|Any CPU.ActiveCfg = Debug|Any CPU
		{9C1612DA-79C9-47B2-884F-CF06C13D585F}.Debug|Any CPU.Build.0 = Debug|Any CPU
		{9C1612DA-79C9-47B2-884F-CF06C13D585F}.Release|Any CPU.ActiveCfg = Release|Any CPU
		{9C1612DA-79C9-47B2-884F-CF06C13D585F}.Release|Any CPU.Build.0 = Release|Any CPU
		{2CF18D99-47D4-4427-9DCB-459C1B96C32F}.Debug|Any CPU.ActiveCfg = Debug|Any CPU
		{2CF18D99-47D4-4427-9DCB-459C1B96C32F}.Debug|Any CPU.Build.0 = Debug|Any CPU
		{2CF18D99-47D4-4427-9DCB-459C1B96C32F}.Release|Any CPU.ActiveCfg = Release|Any CPU
		{2CF18D99-47D4-4427-9DCB-459C1B96C32F}.Release|Any CPU.Build.0 = Release|Any CPU
		{66E0AD96-DEFB-4990-B72D-B0C2752C1083}.Debug|Any CPU.ActiveCfg = Debug|Any CPU
		{66E0AD96-DEFB-4990-B72D-B0C2752C1083}.Debug|Any CPU.Build.0 = Debug|Any CPU
		{66E0AD96-DEFB-4990-B72D-B0C2752C1083}.Release|Any CPU.ActiveCfg = Release|Any CPU
		{66E0AD96-DEFB-4990-B72D-B0C2752C1083}.Release|Any CPU.Build.0 = Release|Any CPU
		{843D22C9-7A1C-4E33-BC62-38B26522DDE0}.Debug|Any CPU.ActiveCfg = Debug|Any CPU
		{843D22C9-7A1C-4E33-BC62-38B26522DDE0}.Debug|Any CPU.Build.0 = Debug|Any CPU
		{843D22C9-7A1C-4E33-BC62-38B26522DDE0}.Release|Any CPU.ActiveCfg = Release|Any CPU
		{843D22C9-7A1C-4E33-BC62-38B26522DDE0}.Release|Any CPU.Build.0 = Release|Any CPU
	EndGlobalSection
EndGlobal
