
Microsoft Visual Studio Solution File, Format Version 12.00
# Visual Studio Version 17
VisualStudioVersion = 17.0.31903.59
MinimumVisualStudioVersion = 10.0.40219.1
Project("{FAE04EC0-301F-11D3-BF4B-00C04F79EFBC}") = "FileService", "src\FileService\FileService.csproj", "{4EDBD7A2-BEBE-45F4-A609-22150B48CA9F}"
EndProject
Project("{2150E333-8FDC-42A3-9474-1A3956D46DE8}") = "DockerCompose", "DockerCompose", "{6904F43E-3F36-4590-82B5-6F7FC8D9C1F5}"
	ProjectSection(SolutionItems) = preProject
		..\docker-compose.yaml = ..\docker-compose.yaml
	EndProjectSection
EndProject
Global
	GlobalSection(SolutionConfigurationPlatforms) = preSolution
		Debug|Any CPU = Debug|Any CPU
		Release|Any CPU = Release|Any CPU
	EndGlobalSection
	GlobalSection(SolutionProperties) = preSolution
		HideSolutionNode = FALSE
	EndGlobalSection
	GlobalSection(ProjectConfigurationPlatforms) = postSolution
		{4EDBD7A2-BEBE-45F4-A609-22150B48CA9F}.Debug|Any CPU.ActiveCfg = Debug|Any CPU
		{4EDBD7A2-BEBE-45F4-A609-22150B48CA9F}.Debug|Any CPU.Build.0 = Debug|Any CPU
		{4EDBD7A2-BEBE-45F4-A609-22150B48CA9F}.Release|Any CPU.ActiveCfg = Release|Any CPU
		{4EDBD7A2-BEBE-45F4-A609-22150B48CA9F}.Release|Any CPU.Build.0 = Release|Any CPU
	EndGlobalSection
EndGlobal
